
Microsoft Visual Studio Solution File, Format Version 12.00
# Visual Studio Version 16
VisualStudioVersion = 16.0.31624.102
MinimumVisualStudioVersion = 10.0.40219.1
Project("{FAE04EC0-301F-11D3-BF4B-00C04F79EFBC}") = "Task2.Cmd", "Task2.Cmd\Task2.Cmd.csproj", "{7CF851D3-E7B1-4493-85F3-0FCE92A41858}"
EndProject
Global
	GlobalSection(SolutionConfigurationPlatforms) = preSolution
		Debug|Any CPU = Debug|Any CPU
		Release|Any CPU = Release|Any CPU
	EndGlobalSection
	GlobalSection(ProjectConfigurationPlatforms) = postSolution
		{7CF851D3-E7B1-4493-85F3-0FCE92A41858}.Debug|Any CPU.ActiveCfg = Debug|Any CPU
		{7CF851D3-E7B1-4493-85F3-0FCE92A41858}.Debug|Any CPU.Build.0 = Debug|Any CPU
		{7CF851D3-E7B1-4493-85F3-0FCE92A41858}.Release|Any CPU.ActiveCfg = Release|Any CPU
		{7CF851D3-E7B1-4493-85F3-0FCE92A41858}.Release|Any CPU.Build.0 = Release|Any CPU
	EndGlobalSection
	GlobalSection(SolutionProperties) = preSolution
		HideSolutionNode = FALSE
	EndGlobalSection
	GlobalSection(ExtensibilityGlobals) = postSolution
		SolutionGuid = {BB41FD30-3775-4EFA-98AC-79A85B70665C}
	EndGlobalSection
EndGlobal
